// !$*UTF8*$!
{
	archiveVersion = 1;
	classes = {
	};
	objectVersion = 56;
	objects = {

/* Begin PBXBuildFile section */
		5782D19A2CE114EB00DF5501 /* MovieGridViewController.swift in Sources */ = {isa = PBXBuildFile; fileRef = 5782D1992CE114EB00DF5501 /* MovieGridViewController.swift */; };
		5782D19C2CE1194300DF5501 /* MovieDetailViewController.swift in Sources */ = {isa = PBXBuildFile; fileRef = 5782D19B2CE1194300DF5501 /* MovieDetailViewController.swift */; };
		5782D19E2CE11C1D00DF5501 /* FavoriteMovieViewController.swift in Sources */ = {isa = PBXBuildFile; fileRef = 5782D19D2CE11C1D00DF5501 /* FavoriteMovieViewController.swift */; };
		5782D1A02CE127AE00DF5501 /* Movie.swift in Sources */ = {isa = PBXBuildFile; fileRef = 5782D19F2CE127AE00DF5501 /* Movie.swift */; };
		5782D1A42CE127CD00DF5501 /* MovieService.swift in Sources */ = {isa = PBXBuildFile; fileRef = 5782D1A32CE127CD00DF5501 /* MovieService.swift */; };
		5782D1A62CE128AB00DF5501 /* PersistenceManager.swift in Sources */ = {isa = PBXBuildFile; fileRef = 5782D1A52CE128AB00DF5501 /* PersistenceManager.swift */; };
		5782D1A92CE13A5700DF5501 /* MovieResponse.swift in Sources */ = {isa = PBXBuildFile; fileRef = 5782D1A82CE13A5700DF5501 /* MovieResponse.swift */; };
		5782D1AB2CE1421A00DF5501 /* MovieCell.swift in Sources */ = {isa = PBXBuildFile; fileRef = 5782D1AA2CE1421A00DF5501 /* MovieCell.swift */; };
		5782D1AF2CE1620100DF5501 /* APIManagerGenre.swift in Sources */ = {isa = PBXBuildFile; fileRef = 5782D1AE2CE1620100DF5501 /* APIManagerGenre.swift */; };
		5782D1B12CE249DF00DF5501 /* ImageCache.swift in Sources */ = {isa = PBXBuildFile; fileRef = 5782D1B02CE249DF00DF5501 /* ImageCache.swift */; };
		5782D1B32CE24A2E00DF5501 /* UIImageView+Extension.swift in Sources */ = {isa = PBXBuildFile; fileRef = 5782D1B22CE24A2E00DF5501 /* UIImageView+Extension.swift */; };
		5782D1B62CE2520E00DF5501 /* EmptySearchCollectionViewCell.swift in Sources */ = {isa = PBXBuildFile; fileRef = 5782D1B52CE2520E00DF5501 /* EmptySearchCollectionViewCell.swift */; };
		5782D1B82CE2569400DF5501 /* ErrorCollectionViewCell.swift in Sources */ = {isa = PBXBuildFile; fileRef = 5782D1B72CE2569400DF5501 /* ErrorCollectionViewCell.swift */; };
		5785B8E92CDFE33900ED2F6E /* AppDelegate.swift in Sources */ = {isa = PBXBuildFile; fileRef = 5785B8E82CDFE33900ED2F6E /* AppDelegate.swift */; };
		5785B8EB2CDFE33900ED2F6E /* SceneDelegate.swift in Sources */ = {isa = PBXBuildFile; fileRef = 5785B8EA2CDFE33900ED2F6E /* SceneDelegate.swift */; };
		5785B8F22CDFE33A00ED2F6E /* Assets.xcassets in Resources */ = {isa = PBXBuildFile; fileRef = 5785B8F12CDFE33A00ED2F6E /* Assets.xcassets */; };
		5785B8F52CDFE33A00ED2F6E /* LaunchScreen.storyboard in Resources */ = {isa = PBXBuildFile; fileRef = 5785B8F32CDFE33A00ED2F6E /* LaunchScreen.storyboard */; };
/* End PBXBuildFile section */

/* Begin PBXFileReference section */
		5782D1992CE114EB00DF5501 /* MovieGridViewController.swift */ = {isa = PBXFileReference; lastKnownFileType = sourcecode.swift; path = MovieGridViewController.swift; sourceTree = "<group>"; };
		5782D19B2CE1194300DF5501 /* MovieDetailViewController.swift */ = {isa = PBXFileReference; lastKnownFileType = sourcecode.swift; path = MovieDetailViewController.swift; sourceTree = "<group>"; };
		5782D19D2CE11C1D00DF5501 /* FavoriteMovieViewController.swift */ = {isa = PBXFileReference; lastKnownFileType = sourcecode.swift; path = FavoriteMovieViewController.swift; sourceTree = "<group>"; };
		5782D19F2CE127AE00DF5501 /* Movie.swift */ = {isa = PBXFileReference; lastKnownFileType = sourcecode.swift; path = Movie.swift; sourceTree = "<group>"; };
		5782D1A32CE127CD00DF5501 /* MovieService.swift */ = {isa = PBXFileReference; lastKnownFileType = sourcecode.swift; path = MovieService.swift; sourceTree = "<group>"; };
		5782D1A52CE128AB00DF5501 /* PersistenceManager.swift */ = {isa = PBXFileReference; lastKnownFileType = sourcecode.swift; path = PersistenceManager.swift; sourceTree = "<group>"; };
		5782D1A82CE13A5700DF5501 /* MovieResponse.swift */ = {isa = PBXFileReference; lastKnownFileType = sourcecode.swift; path = MovieResponse.swift; sourceTree = "<group>"; };
		5782D1AA2CE1421A00DF5501 /* MovieCell.swift */ = {isa = PBXFileReference; lastKnownFileType = sourcecode.swift; path = MovieCell.swift; sourceTree = "<group>"; };
		5782D1AE2CE1620100DF5501 /* APIManagerGenre.swift */ = {isa = PBXFileReference; lastKnownFileType = sourcecode.swift; path = APIManagerGenre.swift; sourceTree = "<group>"; };
		5782D1B02CE249DF00DF5501 /* ImageCache.swift */ = {isa = PBXFileReference; lastKnownFileType = sourcecode.swift; path = ImageCache.swift; sourceTree = "<group>"; };
		5782D1B22CE24A2E00DF5501 /* UIImageView+Extension.swift */ = {isa = PBXFileReference; lastKnownFileType = sourcecode.swift; path = "UIImageView+Extension.swift"; sourceTree = "<group>"; };
		5782D1B52CE2520E00DF5501 /* EmptySearchCollectionViewCell.swift */ = {isa = PBXFileReference; lastKnownFileType = sourcecode.swift; path = EmptySearchCollectionViewCell.swift; sourceTree = "<group>"; };
		5782D1B72CE2569400DF5501 /* ErrorCollectionViewCell.swift */ = {isa = PBXFileReference; lastKnownFileType = sourcecode.swift; path = ErrorCollectionViewCell.swift; sourceTree = "<group>"; };
		5785B8E52CDFE33900ED2F6E /* MovieApp.app */ = {isa = PBXFileReference; explicitFileType = wrapper.application; includeInIndex = 0; path = MovieApp.app; sourceTree = BUILT_PRODUCTS_DIR; };
		5785B8E82CDFE33900ED2F6E /* AppDelegate.swift */ = {isa = PBXFileReference; lastKnownFileType = sourcecode.swift; path = AppDelegate.swift; sourceTree = "<group>"; };
		5785B8EA2CDFE33900ED2F6E /* SceneDelegate.swift */ = {isa = PBXFileReference; lastKnownFileType = sourcecode.swift; path = SceneDelegate.swift; sourceTree = "<group>"; };
		5785B8F12CDFE33A00ED2F6E /* Assets.xcassets */ = {isa = PBXFileReference; lastKnownFileType = folder.assetcatalog; path = Assets.xcassets; sourceTree = "<group>"; };
		5785B8F42CDFE33A00ED2F6E /* Base */ = {isa = PBXFileReference; lastKnownFileType = file.storyboard; name = Base; path = Base.lproj/LaunchScreen.storyboard; sourceTree = "<group>"; };
		5785B8F62CDFE33A00ED2F6E /* Info.plist */ = {isa = PBXFileReference; lastKnownFileType = text.plist.xml; path = Info.plist; sourceTree = "<group>"; };
/* End PBXFileReference section */

/* Begin PBXFrameworksBuildPhase section */
		5785B8E22CDFE33900ED2F6E /* Frameworks */ = {
			isa = PBXFrameworksBuildPhase;
			buildActionMask = 2147483647;
			files = (
			);
			runOnlyForDeploymentPostprocessing = 0;
		};
/* End PBXFrameworksBuildPhase section */

/* Begin PBXGroup section */
		5782D1952CE1147500DF5501 /* Views */ = {
			isa = PBXGroup;
			children = (
				5782D1992CE114EB00DF5501 /* MovieGridViewController.swift */,
				5782D19B2CE1194300DF5501 /* MovieDetailViewController.swift */,
				5782D19D2CE11C1D00DF5501 /* FavoriteMovieViewController.swift */,
			);
			path = Views;
			sourceTree = "<group>";
		};
		5782D1962CE1148200DF5501 /* Models */ = {
			isa = PBXGroup;
			children = (
				5782D19F2CE127AE00DF5501 /* Movie.swift */,
			);
			path = Models;
			sourceTree = "<group>";
		};
		5782D1972CE1148C00DF5501 /* Utils */ = {
			isa = PBXGroup;
			children = (
				5782D1A52CE128AB00DF5501 /* PersistenceManager.swift */,
			);
			path = Utils;
			sourceTree = "<group>";
		};
		5782D1982CE1149C00DF5501 /* Resources */ = {
			isa = PBXGroup;
			children = (
				5785B8F12CDFE33A00ED2F6E /* Assets.xcassets */,
			);
			path = Resources;
			sourceTree = "<group>";
		};
		5782D1A72CE139E400DF5501 /* Service */ = {
			isa = PBXGroup;
			children = (
				5782D1A32CE127CD00DF5501 /* MovieService.swift */,
				5782D1A82CE13A5700DF5501 /* MovieResponse.swift */,
				5782D1AE2CE1620100DF5501 /* APIManagerGenre.swift */,
			);
			path = Service;
			sourceTree = "<group>";
		};
		5782D1B42CE251DC00DF5501 /* Cell */ = {
			isa = PBXGroup;
			children = (
				5782D1AA2CE1421A00DF5501 /* MovieCell.swift */,
				5782D1B52CE2520E00DF5501 /* EmptySearchCollectionViewCell.swift */,
				5782D1B72CE2569400DF5501 /* ErrorCollectionViewCell.swift */,
			);
			path = Cell;
			sourceTree = "<group>";
		};
		5785B8DC2CDFE33900ED2F6E = {
			isa = PBXGroup;
			children = (
				5785B8E72CDFE33900ED2F6E /* MovieApp */,
				5785B8E62CDFE33900ED2F6E /* Products */,
			);
			sourceTree = "<group>";
		};
		5785B8E62CDFE33900ED2F6E /* Products */ = {
			isa = PBXGroup;
			children = (
				5785B8E52CDFE33900ED2F6E /* MovieApp.app */,
			);
			name = Products;
			sourceTree = "<group>";
		};
		5785B8E72CDFE33900ED2F6E /* MovieApp */ = {
			isa = PBXGroup;
			children = (
				5782D1B42CE251DC00DF5501 /* Cell */,
				5782D1A72CE139E400DF5501 /* Service */,
				5782D1982CE1149C00DF5501 /* Resources */,
				5782D1972CE1148C00DF5501 /* Utils */,
				5782D1962CE1148200DF5501 /* Models */,
				5782D1952CE1147500DF5501 /* Views */,
				5785B8E82CDFE33900ED2F6E /* AppDelegate.swift */,
				5785B8EA2CDFE33900ED2F6E /* SceneDelegate.swift */,
				5785B8F32CDFE33A00ED2F6E /* LaunchScreen.storyboard */,
				5785B8F62CDFE33A00ED2F6E /* Info.plist */,
				5782D1B02CE249DF00DF5501 /* ImageCache.swift */,
				5782D1B22CE24A2E00DF5501 /* UIImageView+Extension.swift */,
			);
			path = MovieApp;
			sourceTree = "<group>";
		};
/* End PBXGroup section */

/* Begin PBXNativeTarget section */
		5785B8E42CDFE33900ED2F6E /* MovieApp */ = {
			isa = PBXNativeTarget;
			buildConfigurationList = 5785B8F92CDFE33A00ED2F6E /* Build configuration list for PBXNativeTarget "MovieApp" */;
			buildPhases = (
				5785B8E12CDFE33900ED2F6E /* Sources */,
				5785B8E22CDFE33900ED2F6E /* Frameworks */,
				5785B8E32CDFE33900ED2F6E /* Resources */,
			);
			buildRules = (
			);
			dependencies = (
			);
			name = MovieApp;
			productName = MovieApp;
			productReference = 5785B8E52CDFE33900ED2F6E /* MovieApp.app */;
			productType = "com.apple.product-type.application";
		};
/* End PBXNativeTarget section */

/* Begin PBXProject section */
		5785B8DD2CDFE33900ED2F6E /* Project object */ = {
			isa = PBXProject;
			attributes = {
				BuildIndependentTargetsInParallel = 1;
				LastSwiftUpdateCheck = 1520;
				LastUpgradeCheck = 1520;
				TargetAttributes = {
					5785B8E42CDFE33900ED2F6E = {
						CreatedOnToolsVersion = 15.2;
					};
				};
			};
			buildConfigurationList = 5785B8E02CDFE33900ED2F6E /* Build configuration list for PBXProject "MovieApp" */;
			compatibilityVersion = "Xcode 14.0";
			developmentRegion = en;
			hasScannedForEncodings = 0;
			knownRegions = (
				en,
				Base,
			);
			mainGroup = 5785B8DC2CDFE33900ED2F6E;
			productRefGroup = 5785B8E62CDFE33900ED2F6E /* Products */;
			projectDirPath = "";
			projectRoot = "";
			targets = (
				5785B8E42CDFE33900ED2F6E /* MovieApp */,
			);
		};
/* End PBXProject section */

/* Begin PBXResourcesBuildPhase section */
		5785B8E32CDFE33900ED2F6E /* Resources */ = {
			isa = PBXResourcesBuildPhase;
			buildActionMask = 2147483647;
			files = (
				5785B8F52CDFE33A00ED2F6E /* LaunchScreen.storyboard in Resources */,
				5785B8F22CDFE33A00ED2F6E /* Assets.xcassets in Resources */,
			);
			runOnlyForDeploymentPostprocessing = 0;
		};
/* End PBXResourcesBuildPhase section */

/* Begin PBXSourcesBuildPhase section */
		5785B8E12CDFE33900ED2F6E /* Sources */ = {
			isa = PBXSourcesBuildPhase;
			buildActionMask = 2147483647;
			files = (
				5782D19C2CE1194300DF5501 /* MovieDetailViewController.swift in Sources */,
				5782D1A92CE13A5700DF5501 /* MovieResponse.swift in Sources */,
				5782D1B32CE24A2E00DF5501 /* UIImageView+Extension.swift in Sources */,
				5782D19E2CE11C1D00DF5501 /* FavoriteMovieViewController.swift in Sources */,
				5782D1AB2CE1421A00DF5501 /* MovieCell.swift in Sources */,
				5782D1A02CE127AE00DF5501 /* Movie.swift in Sources */,
				5785B8E92CDFE33900ED2F6E /* AppDelegate.swift in Sources */,
				5782D1B12CE249DF00DF5501 /* ImageCache.swift in Sources */,
				5782D1AF2CE1620100DF5501 /* APIManagerGenre.swift in Sources */,
				5785B8EB2CDFE33900ED2F6E /* SceneDelegate.swift in Sources */,
				5782D1B62CE2520E00DF5501 /* EmptySearchCollectionViewCell.swift in Sources */,
				5782D19A2CE114EB00DF5501 /* MovieGridViewController.swift in Sources */,
				5782D1B82CE2569400DF5501 /* ErrorCollectionViewCell.swift in Sources */,
				5782D1A62CE128AB00DF5501 /* PersistenceManager.swift in Sources */,
				5782D1A42CE127CD00DF5501 /* MovieService.swift in Sources */,
			);
			runOnlyForDeploymentPostprocessing = 0;
		};
/* End PBXSourcesBuildPhase section */

/* Begin PBXVariantGroup section */
		5785B8F32CDFE33A00ED2F6E /* LaunchScreen.storyboard */ = {
			isa = PBXVariantGroup;
			children = (
				5785B8F42CDFE33A00ED2F6E /* Base */,
			);
			name = LaunchScreen.storyboard;
			sourceTree = "<group>";
		};
/* End PBXVariantGroup section */

/* Begin XCBuildConfiguration section */
		5785B8F72CDFE33A00ED2F6E /* Debug */ = {
			isa = XCBuildConfiguration;
			buildSettings = {
				ALWAYS_SEARCH_USER_PATHS = NO;
				ASSETCATALOG_COMPILER_GENERATE_SWIFT_ASSET_SYMBOL_EXTENSIONS = YES;
				CLANG_ANALYZER_NONNULL = YES;
				CLANG_ANALYZER_NUMBER_OBJECT_CONVERSION = YES_AGGRESSIVE;
				CLANG_CXX_LANGUAGE_STANDARD = "gnu++20";
				CLANG_ENABLE_MODULES = YES;
				CLANG_ENABLE_OBJC_ARC = YES;
				CLANG_ENABLE_OBJC_WEAK = YES;
				CLANG_WARN_BLOCK_CAPTURE_AUTORELEASING = YES;
				CLANG_WARN_BOOL_CONVERSION = YES;
				CLANG_WARN_COMMA = YES;
				CLANG_WARN_CONSTANT_CONVERSION = YES;
				CLANG_WARN_DEPRECATED_OBJC_IMPLEMENTATIONS = YES;
				CLANG_WARN_DIRECT_OBJC_ISA_USAGE = YES_ERROR;
				CLANG_WARN_DOCUMENTATION_COMMENTS = YES;
				CLANG_WARN_EMPTY_BODY = YES;
				CLANG_WARN_ENUM_CONVERSION = YES;
				CLANG_WARN_INFINITE_RECURSION = YES;
				CLANG_WARN_INT_CONVERSION = YES;
				CLANG_WARN_NON_LITERAL_NULL_CONVERSION = YES;
				CLANG_WARN_OBJC_IMPLICIT_RETAIN_SELF = YES;
				CLANG_WARN_OBJC_LITERAL_CONVERSION = YES;
				CLANG_WARN_OBJC_ROOT_CLASS = YES_ERROR;
				CLANG_WARN_QUOTED_INCLUDE_IN_FRAMEWORK_HEADER = YES;
				CLANG_WARN_RANGE_LOOP_ANALYSIS = YES;
				CLANG_WARN_STRICT_PROTOTYPES = YES;
				CLANG_WARN_SUSPICIOUS_MOVE = YES;
				CLANG_WARN_UNGUARDED_AVAILABILITY = YES_AGGRESSIVE;
				CLANG_WARN_UNREACHABLE_CODE = YES;
				CLANG_WARN__DUPLICATE_METHOD_MATCH = YES;
				COPY_PHASE_STRIP = NO;
				DEBUG_INFORMATION_FORMAT = dwarf;
				ENABLE_STRICT_OBJC_MSGSEND = YES;
				ENABLE_TESTABILITY = YES;
				ENABLE_USER_SCRIPT_SANDBOXING = YES;
				GCC_C_LANGUAGE_STANDARD = gnu17;
				GCC_DYNAMIC_NO_PIC = NO;
				GCC_NO_COMMON_BLOCKS = YES;
				GCC_OPTIMIZATION_LEVEL = 0;
				GCC_PREPROCESSOR_DEFINITIONS = (
					"DEBUG=1",
					"$(inherited)",
				);
				GCC_WARN_64_TO_32_BIT_CONVERSION = YES;
				GCC_WARN_ABOUT_RETURN_TYPE = YES_ERROR;
				GCC_WARN_UNDECLARED_SELECTOR = YES;
				GCC_WARN_UNINITIALIZED_AUTOS = YES_AGGRESSIVE;
				GCC_WARN_UNUSED_FUNCTION = YES;
				GCC_WARN_UNUSED_VARIABLE = YES;
				IPHONEOS_DEPLOYMENT_TARGET = 17.2;
				LOCALIZATION_PREFERS_STRING_CATALOGS = YES;
				MTL_ENABLE_DEBUG_INFO = INCLUDE_SOURCE;
				MTL_FAST_MATH = YES;
				ONLY_ACTIVE_ARCH = YES;
				SDKROOT = iphoneos;
				SWIFT_ACTIVE_COMPILATION_CONDITIONS = "DEBUG $(inherited)";
				SWIFT_OPTIMIZATION_LEVEL = "-Onone";
			};
			name = Debug;
		};
		5785B8F82CDFE33A00ED2F6E /* Release */ = {
			isa = XCBuildConfiguration;
			buildSettings = {
				ALWAYS_SEARCH_USER_PATHS = NO;
				ASSETCATALOG_COMPILER_GENERATE_SWIFT_ASSET_SYMBOL_EXTENSIONS = YES;
				CLANG_ANALYZER_NONNULL = YES;
				CLANG_ANALYZER_NUMBER_OBJECT_CONVERSION = YES_AGGRESSIVE;
				CLANG_CXX_LANGUAGE_STANDARD = "gnu++20";
				CLANG_ENABLE_MODULES = YES;
				CLANG_ENABLE_OBJC_ARC = YES;
				CLANG_ENABLE_OBJC_WEAK = YES;
				CLANG_WARN_BLOCK_CAPTURE_AUTORELEASING = YES;
				CLANG_WARN_BOOL_CONVERSION = YES;
				CLANG_WARN_COMMA = YES;
				CLANG_WARN_CONSTANT_CONVERSION = YES;
				CLANG_WARN_DEPRECATED_OBJC_IMPLEMENTATIONS = YES;
				CLANG_WARN_DIRECT_OBJC_ISA_USAGE = YES_ERROR;
				CLANG_WARN_DOCUMENTATION_COMMENTS = YES;
				CLANG_WARN_EMPTY_BODY = YES;
				CLANG_WARN_ENUM_CONVERSION = YES;
				CLANG_WARN_INFINITE_RECURSION = YES;
				CLANG_WARN_INT_CONVERSION = YES;
				CLANG_WARN_NON_LITERAL_NULL_CONVERSION = YES;
				CLANG_WARN_OBJC_IMPLICIT_RETAIN_SELF = YES;
				CLANG_WARN_OBJC_LITERAL_CONVERSION = YES;
				CLANG_WARN_OBJC_ROOT_CLASS = YES_ERROR;
				CLANG_WARN_QUOTED_INCLUDE_IN_FRAMEWORK_HEADER = YES;
				CLANG_WARN_RANGE_LOOP_ANALYSIS = YES;
				CLANG_WARN_STRICT_PROTOTYPES = YES;
				CLANG_WARN_SUSPICIOUS_MOVE = YES;
				CLANG_WARN_UNGUARDED_AVAILABILITY = YES_AGGRESSIVE;
				CLANG_WARN_UNREACHABLE_CODE = YES;
				CLANG_WARN__DUPLICATE_METHOD_MATCH = YES;
				COPY_PHASE_STRIP = NO;
				DEBUG_INFORMATION_FORMAT = "dwarf-with-dsym";
				ENABLE_NS_ASSERTIONS = NO;
				ENABLE_STRICT_OBJC_MSGSEND = YES;
				ENABLE_USER_SCRIPT_SANDBOXING = YES;
				GCC_C_LANGUAGE_STANDARD = gnu17;
				GCC_NO_COMMON_BLOCKS = YES;
				GCC_WARN_64_TO_32_BIT_CONVERSION = YES;
				GCC_WARN_ABOUT_RETURN_TYPE = YES_ERROR;
				GCC_WARN_UNDECLARED_SELECTOR = YES;
				GCC_WARN_UNINITIALIZED_AUTOS = YES_AGGRESSIVE;
				GCC_WARN_UNUSED_FUNCTION = YES;
				GCC_WARN_UNUSED_VARIABLE = YES;
				IPHONEOS_DEPLOYMENT_TARGET = 17.2;
				LOCALIZATION_PREFERS_STRING_CATALOGS = YES;
				MTL_ENABLE_DEBUG_INFO = NO;
				MTL_FAST_MATH = YES;
				SDKROOT = iphoneos;
				SWIFT_COMPILATION_MODE = wholemodule;
				VALIDATE_PRODUCT = YES;
			};
			name = Release;
		};
		5785B8FA2CDFE33A00ED2F6E /* Debug */ = {
			isa = XCBuildConfiguration;
			buildSettings = {
				ASSETCATALOG_COMPILER_APPICON_NAME = AppIcon;
				ASSETCATALOG_COMPILER_GLOBAL_ACCENT_COLOR_NAME = AccentColor;
				CODE_SIGN_STYLE = Automatic;
				CURRENT_PROJECT_VERSION = 1;
				DEVELOPMENT_TEAM = 7S5PLVP238;
				GENERATE_INFOPLIST_FILE = YES;
				INFOPLIST_FILE = MovieApp/Info.plist;
				INFOPLIST_KEY_UIApplicationSupportsIndirectInputEvents = YES;
				INFOPLIST_KEY_UILaunchStoryboardName = LaunchScreen;
				INFOPLIST_KEY_UISupportedInterfaceOrientations_iPad = "UIInterfaceOrientationPortrait UIInterfaceOrientationPortraitUpsideDown UIInterfaceOrientationLandscapeLeft UIInterfaceOrientationLandscapeRight";
				INFOPLIST_KEY_UISupportedInterfaceOrientations_iPhone = "UIInterfaceOrientationPortrait UIInterfaceOrientationLandscapeLeft UIInterfaceOrientationLandscapeRight";
				LD_RUNPATH_SEARCH_PATHS = (
					"$(inherited)",
					"@executable_path/Frameworks",
				);
				MARKETING_VERSION = 1.0;
				PRODUCT_BUNDLE_IDENTIFIER = projectska.MovieApp;
				PRODUCT_NAME = "$(TARGET_NAME)";
				SWIFT_EMIT_LOC_STRINGS = YES;
				SWIFT_VERSION = 5.0;
				TARGETED_DEVICE_FAMILY = "1,2";
			};
			name = Debug;
		};
		5785B8FB2CDFE33A00ED2F6E /* Release */ = {
			isa = XCBuildConfiguration;
			buildSettings = {
				ASSETCATALOG_COMPILER_APPICON_NAME = AppIcon;
				ASSETCATALOG_COMPILER_GLOBAL_ACCENT_COLOR_NAME = AccentColor;
				CODE_SIGN_STYLE = Automatic;
				CURRENT_PROJECT_VERSION = 1;
				DEVELOPMENT_TEAM = 7S5PLVP238;
				GENERATE_INFOPLIST_FILE = YES;
				INFOPLIST_FILE = MovieApp/Info.plist;
				INFOPLIST_KEY_UIApplicationSupportsIndirectInputEvents = YES;
				INFOPLIST_KEY_UILaunchStoryboardName = LaunchScreen;
				INFOPLIST_KEY_UISupportedInterfaceOrientations_iPad = "UIInterfaceOrientationPortrait UIInterfaceOrientationPortraitUpsideDown UIInterfaceOrientationLandscapeLeft UIInterfaceOrientationLandscapeRight";
				INFOPLIST_KEY_UISupportedInterfaceOrientations_iPhone = "UIInterfaceOrientationPortrait UIInterfaceOrientationLandscapeLeft UIInterfaceOrientationLandscapeRight";
				LD_RUNPATH_SEARCH_PATHS = (
					"$(inherited)",
					"@executable_path/Frameworks",
				);
				MARKETING_VERSION = 1.0;
				PRODUCT_BUNDLE_IDENTIFIER = projectska.MovieApp;
				PRODUCT_NAME = "$(TARGET_NAME)";
				SWIFT_EMIT_LOC_STRINGS = YES;
				SWIFT_VERSION = 5.0;
				TARGETED_DEVICE_FAMILY = "1,2";
			};
			name = Release;
		};
/* End XCBuildConfiguration section */

/* Begin XCConfigurationList section */
		5785B8E02CDFE33900ED2F6E /* Build configuration list for PBXProject "MovieApp" */ = {
			isa = XCConfigurationList;
			buildConfigurations = (
				5785B8F72CDFE33A00ED2F6E /* Debug */,
				5785B8F82CDFE33A00ED2F6E /* Release */,
			);
			defaultConfigurationIsVisible = 0;
			defaultConfigurationName = Release;
		};
		5785B8F92CDFE33A00ED2F6E /* Build configuration list for PBXNativeTarget "MovieApp" */ = {
			isa = XCConfigurationList;
			buildConfigurations = (
				5785B8FA2CDFE33A00ED2F6E /* Debug */,
				5785B8FB2CDFE33A00ED2F6E /* Release */,
			);
			defaultConfigurationIsVisible = 0;
			defaultConfigurationName = Release;
		};
/* End XCConfigurationList section */
	};
	rootObject = 5785B8DD2CDFE33900ED2F6E /* Project object */;
}
